
Microsoft Visual Studio Solution File, Format Version 12.00
# Visual Studio Version 17
VisualStudioVersion = 17.0.31717.71
MinimumVisualStudioVersion = 10.0.40219.1
Project("{FAE04EC0-301F-11D3-BF4B-00C04F79EFBC}") = "OOPLR7", "OOOLR7\OOPLR7.csproj", "{951AF922-060F-49CB-BAA1-010EA6CCF46A}"
EndProject
Global
	GlobalSection(SolutionConfigurationPlatforms) = preSolution
		Debug|Any CPU = Debug|Any CPU
		Release|Any CPU = Release|Any CPU
	EndGlobalSection
	GlobalSection(ProjectConfigurationPlatforms) = postSolution
		{951AF922-060F-49CB-BAA1-010EA6CCF46A}.Debug|Any CPU.ActiveCfg = Debug|Any CPU
		{951AF922-060F-49CB-BAA1-010EA6CCF46A}.Debug|Any CPU.Build.0 = Debug|Any CPU
		{951AF922-060F-49CB-BAA1-010EA6CCF46A}.Release|Any CPU.ActiveCfg = Release|Any CPU
		{951AF922-060F-49CB-BAA1-010EA6CCF46A}.Release|Any CPU.Build.0 = Release|Any CPU
	EndGlobalSection
	GlobalSection(SolutionProperties) = preSolution
		HideSolutionNode = FALSE
	EndGlobalSection
	GlobalSection(ExtensibilityGlobals) = postSolution
		SolutionGuid = {34D1EC85-614F-475F-B8ED-7587A9EB5F7A}
	EndGlobalSection
EndGlobal
